
Microsoft Visual Studio Solution File, Format Version 12.00
# Visual Studio 15
VisualStudioVersion = 15.0.28307.102
MinimumVisualStudioVersion = 10.0.40219.1
Project("{FAE04EC0-301F-11D3-BF4B-00C04F79EFBC}") = "Lab3", "Lab3\Lab3.csproj", "{791ABAAF-FDA6-472C-B387-52F5764C4090}"
EndProject
Project("{FAE04EC0-301F-11D3-BF4B-00C04F79EFBC}") = "RandomUser", "RandomUser\RandomUser.csproj", "{B4B395B6-8FB1-405D-A5A7-F400F71E6193}"
EndProject
Global
	GlobalSection(SolutionConfigurationPlatforms) = preSolution
		Debug|Any CPU = Debug|Any CPU
		Release|Any CPU = Release|Any CPU
	EndGlobalSection
	GlobalSection(ProjectConfigurationPlatforms) = postSolution
		{791ABAAF-FDA6-472C-B387-52F5764C4090}.Debug|Any CPU.ActiveCfg = Debug|Any CPU
		{791ABAAF-FDA6-472C-B387-52F5764C4090}.Debug|Any CPU.Build.0 = Debug|Any CPU
		{791ABAAF-FDA6-472C-B387-52F5764C4090}.Release|Any CPU.ActiveCfg = Release|Any CPU
		{791ABAAF-FDA6-472C-B387-52F5764C4090}.Release|Any CPU.Build.0 = Release|Any CPU
		{B4B395B6-8FB1-405D-A5A7-F400F71E6193}.Debug|Any CPU.ActiveCfg = Debug|Any CPU
		{B4B395B6-8FB1-405D-A5A7-F400F71E6193}.Debug|Any CPU.Build.0 = Debug|Any CPU
		{B4B395B6-8FB1-405D-A5A7-F400F71E6193}.Release|Any CPU.ActiveCfg = Release|Any CPU
		{B4B395B6-8FB1-405D-A5A7-F400F71E6193}.Release|Any CPU.Build.0 = Release|Any CPU
	EndGlobalSection
	GlobalSection(SolutionProperties) = preSolution
		HideSolutionNode = FALSE
	EndGlobalSection
	GlobalSection(ExtensibilityGlobals) = postSolution
		SolutionGuid = {99F7FF88-D9F5-44AE-B672-9C4546142213}
	EndGlobalSection
EndGlobal
